// !$*UTF8*$!
{
	archiveVersion = 1;
	classes = {
	};
	objectVersion = 60;
	objects = {

/* Begin PBXBuildFile section */
		69B687542C01D62400C28D79 /* WalletAppApp.swift in Sources */ = {isa = PBXBuildFile; fileRef = 69B687532C01D62400C28D79 /* WalletAppApp.swift */; };
		69B687562C01D62400C28D79 /* ContentView.swift in Sources */ = {isa = PBXBuildFile; fileRef = 69B687552C01D62400C28D79 /* ContentView.swift */; };
		69B687582C01D62400C28D79 /* Item.swift in Sources */ = {isa = PBXBuildFile; fileRef = 69B687572C01D62400C28D79 /* Item.swift */; };
		69B6875A2C01D62600C28D79 /* Assets.xcassets in Resources */ = {isa = PBXBuildFile; fileRef = 69B687592C01D62600C28D79 /* Assets.xcassets */; };
		69B6875D2C01D62600C28D79 /* Preview Assets.xcassets in Resources */ = {isa = PBXBuildFile; fileRef = 69B6875C2C01D62600C28D79 /* Preview Assets.xcassets */; };
		69B687672C01D62600C28D79 /* WalletAppTests.swift in Sources */ = {isa = PBXBuildFile; fileRef = 69B687662C01D62600C28D79 /* WalletAppTests.swift */; };
		69B687712C01D62600C28D79 /* WalletAppUITests.swift in Sources */ = {isa = PBXBuildFile; fileRef = 69B687702C01D62600C28D79 /* WalletAppUITests.swift */; };
		69B687732C01D62600C28D79 /* WalletAppUITestsLaunchTests.swift in Sources */ = {isa = PBXBuildFile; fileRef = 69B687722C01D62600C28D79 /* WalletAppUITestsLaunchTests.swift */; };
		69B687812C01D7D500C28D79 /* Network in Frameworks */ = {isa = PBXBuildFile; productRef = 69B687802C01D7D500C28D79 /* Network */; };
/* End PBXBuildFile section */

/* Begin PBXContainerItemProxy section */
		69B687632C01D62600C28D79 /* PBXContainerItemProxy */ = {
			isa = PBXContainerItemProxy;
			containerPortal = 69B687482C01D62400C28D79 /* Project object */;
			proxyType = 1;
			remoteGlobalIDString = 69B6874F2C01D62400C28D79;
			remoteInfo = WalletApp;
		};
		69B6876D2C01D62600C28D79 /* PBXContainerItemProxy */ = {
			isa = PBXContainerItemProxy;
			containerPortal = 69B687482C01D62400C28D79 /* Project object */;
			proxyType = 1;
			remoteGlobalIDString = 69B6874F2C01D62400C28D79;
			remoteInfo = WalletApp;
		};
/* End PBXContainerItemProxy section */

/* Begin PBXFileReference section */
		69B687502C01D62400C28D79 /* WalletApp.app */ = {isa = PBXFileReference; explicitFileType = wrapper.application; includeInIndex = 0; path = WalletApp.app; sourceTree = BUILT_PRODUCTS_DIR; };
		69B687532C01D62400C28D79 /* WalletAppApp.swift */ = {isa = PBXFileReference; lastKnownFileType = sourcecode.swift; path = WalletAppApp.swift; sourceTree = "<group>"; };
		69B687552C01D62400C28D79 /* ContentView.swift */ = {isa = PBXFileReference; lastKnownFileType = sourcecode.swift; path = ContentView.swift; sourceTree = "<group>"; };
		69B687572C01D62400C28D79 /* Item.swift */ = {isa = PBXFileReference; lastKnownFileType = sourcecode.swift; path = Item.swift; sourceTree = "<group>"; };
		69B687592C01D62600C28D79 /* Assets.xcassets */ = {isa = PBXFileReference; lastKnownFileType = folder.assetcatalog; path = Assets.xcassets; sourceTree = "<group>"; };
		69B6875C2C01D62600C28D79 /* Preview Assets.xcassets */ = {isa = PBXFileReference; lastKnownFileType = folder.assetcatalog; path = "Preview Assets.xcassets"; sourceTree = "<group>"; };
		69B687622C01D62600C28D79 /* WalletAppTests.xctest */ = {isa = PBXFileReference; explicitFileType = wrapper.cfbundle; includeInIndex = 0; path = WalletAppTests.xctest; sourceTree = BUILT_PRODUCTS_DIR; };
		69B687662C01D62600C28D79 /* WalletAppTests.swift */ = {isa = PBXFileReference; lastKnownFileType = sourcecode.swift; path = WalletAppTests.swift; sourceTree = "<group>"; };
		69B6876C2C01D62600C28D79 /* WalletAppUITests.xctest */ = {isa = PBXFileReference; explicitFileType = wrapper.cfbundle; includeInIndex = 0; path = WalletAppUITests.xctest; sourceTree = BUILT_PRODUCTS_DIR; };
		69B687702C01D62600C28D79 /* WalletAppUITests.swift */ = {isa = PBXFileReference; lastKnownFileType = sourcecode.swift; path = WalletAppUITests.swift; sourceTree = "<group>"; };
		69B687722C01D62600C28D79 /* WalletAppUITestsLaunchTests.swift */ = {isa = PBXFileReference; lastKnownFileType = sourcecode.swift; path = WalletAppUITestsLaunchTests.swift; sourceTree = "<group>"; };
/* End PBXFileReference section */

/* Begin PBXFrameworksBuildPhase section */
		69B6874D2C01D62400C28D79 /* Frameworks */ = {
			isa = PBXFrameworksBuildPhase;
			buildActionMask = 2147483647;
			files = (
				69B687812C01D7D500C28D79 /* Network in Frameworks */,
			);
			runOnlyForDeploymentPostprocessing = 0;
		};
		69B6875F2C01D62600C28D79 /* Frameworks */ = {
			isa = PBXFrameworksBuildPhase;
			buildActionMask = 2147483647;
			files = (
			);
			runOnlyForDeploymentPostprocessing = 0;
		};
		69B687692C01D62600C28D79 /* Frameworks */ = {
			isa = PBXFrameworksBuildPhase;
			buildActionMask = 2147483647;
			files = (
			);
			runOnlyForDeploymentPostprocessing = 0;
		};
/* End PBXFrameworksBuildPhase section */

/* Begin PBXGroup section */
		69B687472C01D62400C28D79 = {
			isa = PBXGroup;
			children = (
				69B687522C01D62400C28D79 /* WalletApp */,
				69B687652C01D62600C28D79 /* WalletAppTests */,
				69B6876F2C01D62600C28D79 /* WalletAppUITests */,
				69B687512C01D62400C28D79 /* Products */,
			);
			sourceTree = "<group>";
		};
		69B687512C01D62400C28D79 /* Products */ = {
			isa = PBXGroup;
			children = (
				69B687502C01D62400C28D79 /* WalletApp.app */,
				69B687622C01D62600C28D79 /* WalletAppTests.xctest */,
				69B6876C2C01D62600C28D79 /* WalletAppUITests.xctest */,
			);
			name = Products;
			sourceTree = "<group>";
		};
		69B687522C01D62400C28D79 /* WalletApp */ = {
			isa = PBXGroup;
			children = (
				69B687532C01D62400C28D79 /* WalletAppApp.swift */,
				69B687552C01D62400C28D79 /* ContentView.swift */,
				69B687572C01D62400C28D79 /* Item.swift */,
				69B687592C01D62600C28D79 /* Assets.xcassets */,
				69B6875B2C01D62600C28D79 /* Preview Content */,
			);
			path = WalletApp;
			sourceTree = "<group>";
		};
		69B6875B2C01D62600C28D79 /* Preview Content */ = {
			isa = PBXGroup;
			children = (
				69B6875C2C01D62600C28D79 /* Preview Assets.xcassets */,
			);
			path = "Preview Content";
			sourceTree = "<group>";
		};
		69B687652C01D62600C28D79 /* WalletAppTests */ = {
			isa = PBXGroup;
			children = (
				69B687662C01D62600C28D79 /* WalletAppTests.swift */,
			);
			path = WalletAppTests;
			sourceTree = "<group>";
		};
		69B6876F2C01D62600C28D79 /* WalletAppUITests */ = {
			isa = PBXGroup;
			children = (
				69B687702C01D62600C28D79 /* WalletAppUITests.swift */,
				69B687722C01D62600C28D79 /* WalletAppUITestsLaunchTests.swift */,
			);
			path = WalletAppUITests;
			sourceTree = "<group>";
		};
/* End PBXGroup section */

/* Begin PBXNativeTarget section */
		69B6874F2C01D62400C28D79 /* WalletApp */ = {
			isa = PBXNativeTarget;
			buildConfigurationList = 69B687762C01D62600C28D79 /* Build configuration list for PBXNativeTarget "WalletApp" */;
			buildPhases = (
				69B6874C2C01D62400C28D79 /* Sources */,
				69B6874D2C01D62400C28D79 /* Frameworks */,
				69B6874E2C01D62400C28D79 /* Resources */,
			);
			buildRules = (
			);
			dependencies = (
			);
			name = WalletApp;
			packageProductDependencies = (
				69B687802C01D7D500C28D79 /* Network */,
			);
			productName = WalletApp;
			productReference = 69B687502C01D62400C28D79 /* WalletApp.app */;
			productType = "com.apple.product-type.application";
		};
		69B687612C01D62600C28D79 /* WalletAppTests */ = {
			isa = PBXNativeTarget;
			buildConfigurationList = 69B687792C01D62600C28D79 /* Build configuration list for PBXNativeTarget "WalletAppTests" */;
			buildPhases = (
				69B6875E2C01D62600C28D79 /* Sources */,
				69B6875F2C01D62600C28D79 /* Frameworks */,
				69B687602C01D62600C28D79 /* Resources */,
			);
			buildRules = (
			);
			dependencies = (
				69B687642C01D62600C28D79 /* PBXTargetDependency */,
			);
			name = WalletAppTests;
			productName = WalletAppTests;
			productReference = 69B687622C01D62600C28D79 /* WalletAppTests.xctest */;
			productType = "com.apple.product-type.bundle.unit-test";
		};
		69B6876B2C01D62600C28D79 /* WalletAppUITests */ = {
			isa = PBXNativeTarget;
			buildConfigurationList = 69B6877C2C01D62600C28D79 /* Build configuration list for PBXNativeTarget "WalletAppUITests" */;
			buildPhases = (
				69B687682C01D62600C28D79 /* Sources */,
				69B687692C01D62600C28D79 /* Frameworks */,
				69B6876A2C01D62600C28D79 /* Resources */,
			);
			buildRules = (
			);
			dependencies = (
				69B6876E2C01D62600C28D79 /* PBXTargetDependency */,
			);
			name = WalletAppUITests;
			productName = WalletAppUITests;
			productReference = 69B6876C2C01D62600C28D79 /* WalletAppUITests.xctest */;
			productType = "com.apple.product-type.bundle.ui-testing";
		};
/* End PBXNativeTarget section */

/* Begin PBXProject section */
		69B687482C01D62400C28D79 /* Project object */ = {
			isa = PBXProject;
			attributes = {
				BuildIndependentTargetsInParallel = 1;
				LastSwiftUpdateCheck = 1520;
				LastUpgradeCheck = 1520;
				TargetAttributes = {
					69B6874F2C01D62400C28D79 = {
						CreatedOnToolsVersion = 15.2;
					};
					69B687612C01D62600C28D79 = {
						CreatedOnToolsVersion = 15.2;
						TestTargetID = 69B6874F2C01D62400C28D79;
					};
					69B6876B2C01D62600C28D79 = {
						CreatedOnToolsVersion = 15.2;
						TestTargetID = 69B6874F2C01D62400C28D79;
					};
				};
			};
			buildConfigurationList = 69B6874B2C01D62400C28D79 /* Build configuration list for PBXProject "WalletApp" */;
			compatibilityVersion = "Xcode 14.0";
			developmentRegion = en;
			hasScannedForEncodings = 0;
			knownRegions = (
				en,
				Base,
			);
			mainGroup = 69B687472C01D62400C28D79;
			packageReferences = (
				69B6877F2C01D7D500C28D79 /* XCLocalSwiftPackageReference "Packages/Network" */,
			);
			productRefGroup = 69B687512C01D62400C28D79 /* Products */;
			projectDirPath = "";
			projectRoot = "";
			targets = (
				69B6874F2C01D62400C28D79 /* WalletApp */,
				69B687612C01D62600C28D79 /* WalletAppTests */,
				69B6876B2C01D62600C28D79 /* WalletAppUITests */,
			);
		};
/* End PBXProject section */

/* Begin PBXResourcesBuildPhase section */
		69B6874E2C01D62400C28D79 /* Resources */ = {
			isa = PBXResourcesBuildPhase;
			buildActionMask = 2147483647;
			files = (
				69B6875D2C01D62600C28D79 /* Preview Assets.xcassets in Resources */,
				69B6875A2C01D62600C28D79 /* Assets.xcassets in Resources */,
			);
			runOnlyForDeploymentPostprocessing = 0;
		};
		69B687602C01D62600C28D79 /* Resources */ = {
			isa = PBXResourcesBuildPhase;
			buildActionMask = 2147483647;
			files = (
			);
			runOnlyForDeploymentPostprocessing = 0;
		};
		69B6876A2C01D62600C28D79 /* Resources */ = {
			isa = PBXResourcesBuildPhase;
			buildActionMask = 2147483647;
			files = (
			);
			runOnlyForDeploymentPostprocessing = 0;
		};
/* End PBXResourcesBuildPhase section */

/* Begin PBXSourcesBuildPhase section */
		69B6874C2C01D62400C28D79 /* Sources */ = {
			isa = PBXSourcesBuildPhase;
			buildActionMask = 2147483647;
			files = (
				69B687562C01D62400C28D79 /* ContentView.swift in Sources */,
				69B687582C01D62400C28D79 /* Item.swift in Sources */,
				69B687542C01D62400C28D79 /* WalletAppApp.swift in Sources */,
			);
			runOnlyForDeploymentPostprocessing = 0;
		};
		69B6875E2C01D62600C28D79 /* Sources */ = {
			isa = PBXSourcesBuildPhase;
			buildActionMask = 2147483647;
			files = (
				69B687672C01D62600C28D79 /* WalletAppTests.swift in Sources */,
			);
			runOnlyForDeploymentPostprocessing = 0;
		};
		69B687682C01D62600C28D79 /* Sources */ = {
			isa = PBXSourcesBuildPhase;
			buildActionMask = 2147483647;
			files = (
				69B687712C01D62600C28D79 /* WalletAppUITests.swift in Sources */,
				69B687732C01D62600C28D79 /* WalletAppUITestsLaunchTests.swift in Sources */,
			);
			runOnlyForDeploymentPostprocessing = 0;
		};
/* End PBXSourcesBuildPhase section */

/* Begin PBXTargetDependency section */
		69B687642C01D62600C28D79 /* PBXTargetDependency */ = {
			isa = PBXTargetDependency;
			target = 69B6874F2C01D62400C28D79 /* WalletApp */;
			targetProxy = 69B687632C01D62600C28D79 /* PBXContainerItemProxy */;
		};
		69B6876E2C01D62600C28D79 /* PBXTargetDependency */ = {
			isa = PBXTargetDependency;
			target = 69B6874F2C01D62400C28D79 /* WalletApp */;
			targetProxy = 69B6876D2C01D62600C28D79 /* PBXContainerItemProxy */;
		};
/* End PBXTargetDependency section */

/* Begin XCBuildConfiguration section */
		69B687742C01D62600C28D79 /* Debug */ = {
			isa = XCBuildConfiguration;
			buildSettings = {
				ALWAYS_SEARCH_USER_PATHS = NO;
				ASSETCATALOG_COMPILER_GENERATE_SWIFT_ASSET_SYMBOL_EXTENSIONS = YES;
				CLANG_ANALYZER_NONNULL = YES;
				CLANG_ANALYZER_NUMBER_OBJECT_CONVERSION = YES_AGGRESSIVE;
				CLANG_CXX_LANGUAGE_STANDARD = "gnu++20";
				CLANG_ENABLE_MODULES = YES;
				CLANG_ENABLE_OBJC_ARC = YES;
				CLANG_ENABLE_OBJC_WEAK = YES;
				CLANG_WARN_BLOCK_CAPTURE_AUTORELEASING = YES;
				CLANG_WARN_BOOL_CONVERSION = YES;
				CLANG_WARN_COMMA = YES;
				CLANG_WARN_CONSTANT_CONVERSION = YES;
				CLANG_WARN_DEPRECATED_OBJC_IMPLEMENTATIONS = YES;
				CLANG_WARN_DIRECT_OBJC_ISA_USAGE = YES_ERROR;
				CLANG_WARN_DOCUMENTATION_COMMENTS = YES;
				CLANG_WARN_EMPTY_BODY = YES;
				CLANG_WARN_ENUM_CONVERSION = YES;
				CLANG_WARN_INFINITE_RECURSION = YES;
				CLANG_WARN_INT_CONVERSION = YES;
				CLANG_WARN_NON_LITERAL_NULL_CONVERSION = YES;
				CLANG_WARN_OBJC_IMPLICIT_RETAIN_SELF = YES;
				CLANG_WARN_OBJC_LITERAL_CONVERSION = YES;
				CLANG_WARN_OBJC_ROOT_CLASS = YES_ERROR;
				CLANG_WARN_QUOTED_INCLUDE_IN_FRAMEWORK_HEADER = YES;
				CLANG_WARN_RANGE_LOOP_ANALYSIS = YES;
				CLANG_WARN_STRICT_PROTOTYPES = YES;
				CLANG_WARN_SUSPICIOUS_MOVE = YES;
				CLANG_WARN_UNGUARDED_AVAILABILITY = YES_AGGRESSIVE;
				CLANG_WARN_UNREACHABLE_CODE = YES;
				CLANG_WARN__DUPLICATE_METHOD_MATCH = YES;
				COPY_PHASE_STRIP = NO;
				DEBUG_INFORMATION_FORMAT = dwarf;
				ENABLE_STRICT_OBJC_MSGSEND = YES;
				ENABLE_TESTABILITY = YES;
				ENABLE_USER_SCRIPT_SANDBOXING = YES;
				GCC_C_LANGUAGE_STANDARD = gnu17;
				GCC_DYNAMIC_NO_PIC = NO;
				GCC_NO_COMMON_BLOCKS = YES;
				GCC_OPTIMIZATION_LEVEL = 0;
				GCC_PREPROCESSOR_DEFINITIONS = (
					"DEBUG=1",
					"$(inherited)",
				);
				GCC_WARN_64_TO_32_BIT_CONVERSION = YES;
				GCC_WARN_ABOUT_RETURN_TYPE = YES_ERROR;
				GCC_WARN_UNDECLARED_SELECTOR = YES;
				GCC_WARN_UNINITIALIZED_AUTOS = YES_AGGRESSIVE;
				GCC_WARN_UNUSED_FUNCTION = YES;
				GCC_WARN_UNUSED_VARIABLE = YES;
				IPHONEOS_DEPLOYMENT_TARGET = 17.2;
				LOCALIZATION_PREFERS_STRING_CATALOGS = YES;
				MTL_ENABLE_DEBUG_INFO = INCLUDE_SOURCE;
				MTL_FAST_MATH = YES;
				ONLY_ACTIVE_ARCH = YES;
				SDKROOT = iphoneos;
				SWIFT_ACTIVE_COMPILATION_CONDITIONS = "DEBUG $(inherited)";
				SWIFT_OPTIMIZATION_LEVEL = "-Onone";
			};
			name = Debug;
		};
		69B687752C01D62600C28D79 /* Release */ = {
			isa = XCBuildConfiguration;
			buildSettings = {
				ALWAYS_SEARCH_USER_PATHS = NO;
				ASSETCATALOG_COMPILER_GENERATE_SWIFT_ASSET_SYMBOL_EXTENSIONS = YES;
				CLANG_ANALYZER_NONNULL = YES;
				CLANG_ANALYZER_NUMBER_OBJECT_CONVERSION = YES_AGGRESSIVE;
				CLANG_CXX_LANGUAGE_STANDARD = "gnu++20";
				CLANG_ENABLE_MODULES = YES;
				CLANG_ENABLE_OBJC_ARC = YES;
				CLANG_ENABLE_OBJC_WEAK = YES;
				CLANG_WARN_BLOCK_CAPTURE_AUTORELEASING = YES;
				CLANG_WARN_BOOL_CONVERSION = YES;
				CLANG_WARN_COMMA = YES;
				CLANG_WARN_CONSTANT_CONVERSION = YES;
				CLANG_WARN_DEPRECATED_OBJC_IMPLEMENTATIONS = YES;
				CLANG_WARN_DIRECT_OBJC_ISA_USAGE = YES_ERROR;
				CLANG_WARN_DOCUMENTATION_COMMENTS = YES;
				CLANG_WARN_EMPTY_BODY = YES;
				CLANG_WARN_ENUM_CONVERSION = YES;
				CLANG_WARN_INFINITE_RECURSION = YES;
				CLANG_WARN_INT_CONVERSION = YES;
				CLANG_WARN_NON_LITERAL_NULL_CONVERSION = YES;
				CLANG_WARN_OBJC_IMPLICIT_RETAIN_SELF = YES;
				CLANG_WARN_OBJC_LITERAL_CONVERSION = YES;
				CLANG_WARN_OBJC_ROOT_CLASS = YES_ERROR;
				CLANG_WARN_QUOTED_INCLUDE_IN_FRAMEWORK_HEADER = YES;
				CLANG_WARN_RANGE_LOOP_ANALYSIS = YES;
				CLANG_WARN_STRICT_PROTOTYPES = YES;
				CLANG_WARN_SUSPICIOUS_MOVE = YES;
				CLANG_WARN_UNGUARDED_AVAILABILITY = YES_AGGRESSIVE;
				CLANG_WARN_UNREACHABLE_CODE = YES;
				CLANG_WARN__DUPLICATE_METHOD_MATCH = YES;
				COPY_PHASE_STRIP = NO;
				DEBUG_INFORMATION_FORMAT = "dwarf-with-dsym";
				ENABLE_NS_ASSERTIONS = NO;
				ENABLE_STRICT_OBJC_MSGSEND = YES;
				ENABLE_USER_SCRIPT_SANDBOXING = YES;
				GCC_C_LANGUAGE_STANDARD = gnu17;
				GCC_NO_COMMON_BLOCKS = YES;
				GCC_WARN_64_TO_32_BIT_CONVERSION = YES;
				GCC_WARN_ABOUT_RETURN_TYPE = YES_ERROR;
				GCC_WARN_UNDECLARED_SELECTOR = YES;
				GCC_WARN_UNINITIALIZED_AUTOS = YES_AGGRESSIVE;
				GCC_WARN_UNUSED_FUNCTION = YES;
				GCC_WARN_UNUSED_VARIABLE = YES;
				IPHONEOS_DEPLOYMENT_TARGET = 17.2;
				LOCALIZATION_PREFERS_STRING_CATALOGS = YES;
				MTL_ENABLE_DEBUG_INFO = NO;
				MTL_FAST_MATH = YES;
				SDKROOT = iphoneos;
				SWIFT_COMPILATION_MODE = wholemodule;
				VALIDATE_PRODUCT = YES;
			};
			name = Release;
		};
		69B687772C01D62600C28D79 /* Debug */ = {
			isa = XCBuildConfiguration;
			buildSettings = {
				ASSETCATALOG_COMPILER_APPICON_NAME = AppIcon;
				ASSETCATALOG_COMPILER_GLOBAL_ACCENT_COLOR_NAME = AccentColor;
				CODE_SIGN_STYLE = Automatic;
				CURRENT_PROJECT_VERSION = 1;
				DEVELOPMENT_ASSET_PATHS = "\"WalletApp/Preview Content\"";
				ENABLE_PREVIEWS = YES;
				GENERATE_INFOPLIST_FILE = YES;
				INFOPLIST_KEY_CFBundleDisplayName = "Wallet App";
				INFOPLIST_KEY_UIApplicationSceneManifest_Generation = YES;
				INFOPLIST_KEY_UIApplicationSupportsIndirectInputEvents = YES;
				INFOPLIST_KEY_UILaunchScreen_Generation = YES;
				INFOPLIST_KEY_UISupportedInterfaceOrientations = UIInterfaceOrientationPortrait;
				INFOPLIST_KEY_UISupportedInterfaceOrientations_iPad = "UIInterfaceOrientationLandscapeLeft UIInterfaceOrientationLandscapeRight UIInterfaceOrientationPortrait UIInterfaceOrientationPortraitUpsideDown";
				IPHONEOS_DEPLOYMENT_TARGET = 17.0;
				LD_RUNPATH_SEARCH_PATHS = (
					"$(inherited)",
					"@executable_path/Frameworks",
				);
				MARKETING_VERSION = 1.0;
				PRODUCT_BUNDLE_IDENTIFIER = AMMP.WalletApp;
				PRODUCT_NAME = "$(TARGET_NAME)";
				SUPPORTED_PLATFORMS = "iphoneos iphonesimulator";
				SUPPORTS_MACCATALYST = NO;
				SUPPORTS_MAC_DESIGNED_FOR_IPHONE_IPAD = NO;
				SWIFT_EMIT_LOC_STRINGS = YES;
				SWIFT_VERSION = 5.0;
				TARGETED_DEVICE_FAMILY = 1;
			};
			name = Debug;
		};
		69B687782C01D62600C28D79 /* Release */ = {
			isa = XCBuildConfiguration;
			buildSettings = {
				ASSETCATALOG_COMPILER_APPICON_NAME = AppIcon;
				ASSETCATALOG_COMPILER_GLOBAL_ACCENT_COLOR_NAME = AccentColor;
				CODE_SIGN_STYLE = Automatic;
				CURRENT_PROJECT_VERSION = 1;
				DEVELOPMENT_ASSET_PATHS = "\"WalletApp/Preview Content\"";
				ENABLE_PREVIEWS = YES;
				GENERATE_INFOPLIST_FILE = YES;
				INFOPLIST_KEY_CFBundleDisplayName = "Wallet App";
				INFOPLIST_KEY_UIApplicationSceneManifest_Generation = YES;
				INFOPLIST_KEY_UIApplicationSupportsIndirectInputEvents = YES;
				INFOPLIST_KEY_UILaunchScreen_Generation = YES;
				INFOPLIST_KEY_UISupportedInterfaceOrientations = UIInterfaceOrientationPortrait;
				INFOPLIST_KEY_UISupportedInterfaceOrientations_iPad = "UIInterfaceOrientationLandscapeLeft UIInterfaceOrientationLandscapeRight UIInterfaceOrientationPortrait UIInterfaceOrientationPortraitUpsideDown";
				IPHONEOS_DEPLOYMENT_TARGET = 17.0;
				LD_RUNPATH_SEARCH_PATHS = (
					"$(inherited)",
					"@executable_path/Frameworks",
				);
				MARKETING_VERSION = 1.0;
				PRODUCT_BUNDLE_IDENTIFIER = AMMP.WalletApp;
				PRODUCT_NAME = "$(TARGET_NAME)";
				SUPPORTED_PLATFORMS = "iphoneos iphonesimulator";
				SUPPORTS_MACCATALYST = NO;
				SUPPORTS_MAC_DESIGNED_FOR_IPHONE_IPAD = NO;
				SWIFT_EMIT_LOC_STRINGS = YES;
				SWIFT_VERSION = 5.0;
				TARGETED_DEVICE_FAMILY = 1;
			};
			name = Release;
		};
		69B6877A2C01D62600C28D79 /* Debug */ = {
			isa = XCBuildConfiguration;
			buildSettings = {
				ALWAYS_EMBED_SWIFT_STANDARD_LIBRARIES = YES;
				BUNDLE_LOADER = "$(TEST_HOST)";
				CODE_SIGN_STYLE = Automatic;
				CURRENT_PROJECT_VERSION = 1;
				GENERATE_INFOPLIST_FILE = YES;
				IPHONEOS_DEPLOYMENT_TARGET = 17.2;
				MARKETING_VERSION = 1.0;
				PRODUCT_BUNDLE_IDENTIFIER = AMMP.WalletAppTests;
				PRODUCT_NAME = "$(TARGET_NAME)";
				SWIFT_EMIT_LOC_STRINGS = NO;
				SWIFT_VERSION = 5.0;
				TARGETED_DEVICE_FAMILY = "1,2";
				TEST_HOST = "$(BUILT_PRODUCTS_DIR)/WalletApp.app/$(BUNDLE_EXECUTABLE_FOLDER_PATH)/WalletApp";
			};
			name = Debug;
		};
		69B6877B2C01D62600C28D79 /* Release */ = {
			isa = XCBuildConfiguration;
			buildSettings = {
				ALWAYS_EMBED_SWIFT_STANDARD_LIBRARIES = YES;
				BUNDLE_LOADER = "$(TEST_HOST)";
				CODE_SIGN_STYLE = Automatic;
				CURRENT_PROJECT_VERSION = 1;
				GENERATE_INFOPLIST_FILE = YES;
				IPHONEOS_DEPLOYMENT_TARGET = 17.2;
				MARKETING_VERSION = 1.0;
				PRODUCT_BUNDLE_IDENTIFIER = AMMP.WalletAppTests;
				PRODUCT_NAME = "$(TARGET_NAME)";
				SWIFT_EMIT_LOC_STRINGS = NO;
				SWIFT_VERSION = 5.0;
				TARGETED_DEVICE_FAMILY = "1,2";
				TEST_HOST = "$(BUILT_PRODUCTS_DIR)/WalletApp.app/$(BUNDLE_EXECUTABLE_FOLDER_PATH)/WalletApp";
			};
			name = Release;
		};
		69B6877D2C01D62600C28D79 /* Debug */ = {
			isa = XCBuildConfiguration;
			buildSettings = {
				ALWAYS_EMBED_SWIFT_STANDARD_LIBRARIES = YES;
				CODE_SIGN_STYLE = Automatic;
				CURRENT_PROJECT_VERSION = 1;
				GENERATE_INFOPLIST_FILE = YES;
				MARKETING_VERSION = 1.0;
				PRODUCT_BUNDLE_IDENTIFIER = AMMP.WalletAppUITests;
				PRODUCT_NAME = "$(TARGET_NAME)";
				SWIFT_EMIT_LOC_STRINGS = NO;
				SWIFT_VERSION = 5.0;
				TARGETED_DEVICE_FAMILY = "1,2";
				TEST_TARGET_NAME = WalletApp;
			};
			name = Debug;
		};
		69B6877E2C01D62600C28D79 /* Release */ = {
			isa = XCBuildConfiguration;
			buildSettings = {
				ALWAYS_EMBED_SWIFT_STANDARD_LIBRARIES = YES;
				CODE_SIGN_STYLE = Automatic;
				CURRENT_PROJECT_VERSION = 1;
				GENERATE_INFOPLIST_FILE = YES;
				MARKETING_VERSION = 1.0;
				PRODUCT_BUNDLE_IDENTIFIER = AMMP.WalletAppUITests;
				PRODUCT_NAME = "$(TARGET_NAME)";
				SWIFT_EMIT_LOC_STRINGS = NO;
				SWIFT_VERSION = 5.0;
				TARGETED_DEVICE_FAMILY = "1,2";
				TEST_TARGET_NAME = WalletApp;
			};
			name = Release;
		};
/* End XCBuildConfiguration section */

/* Begin XCConfigurationList section */
		69B6874B2C01D62400C28D79 /* Build configuration list for PBXProject "WalletApp" */ = {
			isa = XCConfigurationList;
			buildConfigurations = (
				69B687742C01D62600C28D79 /* Debug */,
				69B687752C01D62600C28D79 /* Release */,
			);
			defaultConfigurationIsVisible = 0;
			defaultConfigurationName = Release;
		};
		69B687762C01D62600C28D79 /* Build configuration list for PBXNativeTarget "WalletApp" */ = {
			isa = XCConfigurationList;
			buildConfigurations = (
				69B687772C01D62600C28D79 /* Debug */,
				69B687782C01D62600C28D79 /* Release */,
			);
			defaultConfigurationIsVisible = 0;
			defaultConfigurationName = Release;
		};
		69B687792C01D62600C28D79 /* Build configuration list for PBXNativeTarget "WalletAppTests" */ = {
			isa = XCConfigurationList;
			buildConfigurations = (
				69B6877A2C01D62600C28D79 /* Debug */,
				69B6877B2C01D62600C28D79 /* Release */,
			);
			defaultConfigurationIsVisible = 0;
			defaultConfigurationName = Release;
		};
		69B6877C2C01D62600C28D79 /* Build configuration list for PBXNativeTarget "WalletAppUITests" */ = {
			isa = XCConfigurationList;
			buildConfigurations = (
				69B6877D2C01D62600C28D79 /* Debug */,
				69B6877E2C01D62600C28D79 /* Release */,
			);
			defaultConfigurationIsVisible = 0;
			defaultConfigurationName = Release;
		};
/* End XCConfigurationList section */

/* Begin XCLocalSwiftPackageReference section */
		69B6877F2C01D7D500C28D79 /* XCLocalSwiftPackageReference "Packages/Network" */ = {
			isa = XCLocalSwiftPackageReference;
			relativePath = Packages/Network;
		};
/* End XCLocalSwiftPackageReference section */

/* Begin XCSwiftPackageProductDependency section */
		69B687802C01D7D500C28D79 /* Network */ = {
			isa = XCSwiftPackageProductDependency;
			productName = Network;
		};
/* End XCSwiftPackageProductDependency section */
	};
	rootObject = 69B687482C01D62400C28D79 /* Project object */;
}
